
Microsoft Visual Studio Solution File, Format Version 12.00
# Visual Studio 15
VisualStudioVersion = 15.0.27130.0
MinimumVisualStudioVersion = 10.0.40219.1
Project("{9A19103F-16F7-4668-BE54-9A1E7A4F7556}") = "Alarms", "Alarms\Alarms.csproj", "{6BF65841-7D07-48EA-80F7-F657C67EF81D}"
EndProject
Project("{FAE04EC0-301F-11D3-BF4B-00C04F79EFBC}") = "AlarmUnitTests", "AlarmTests\AlarmUnitTests.csproj", "{5D7E680E-CD60-477E-9DFB-25CD2A6C714B}"
EndProject
Global
	GlobalSection(SolutionConfigurationPlatforms) = preSolution
		Debug|Any CPU = Debug|Any CPU
		Release|Any CPU = Release|Any CPU
	EndGlobalSection
	GlobalSection(ProjectConfigurationPlatforms) = postSolution
		{6BF65841-7D07-48EA-80F7-F657C67EF81D}.Debug|Any CPU.ActiveCfg = Debug|Any CPU
		{6BF65841-7D07-48EA-80F7-F657C67EF81D}.Debug|Any CPU.Build.0 = Debug|Any CPU
		{6BF65841-7D07-48EA-80F7-F657C67EF81D}.Release|Any CPU.ActiveCfg = Release|Any CPU
		{6BF65841-7D07-48EA-80F7-F657C67EF81D}.Release|Any CPU.Build.0 = Release|Any CPU
		{5D7E680E-CD60-477E-9DFB-25CD2A6C714B}.Debug|Any CPU.ActiveCfg = Debug|Any CPU
		{5D7E680E-CD60-477E-9DFB-25CD2A6C714B}.Debug|Any CPU.Build.0 = Debug|Any CPU
		{5D7E680E-CD60-477E-9DFB-25CD2A6C714B}.Release|Any CPU.ActiveCfg = Release|Any CPU
		{5D7E680E-CD60-477E-9DFB-25CD2A6C714B}.Release|Any CPU.Build.0 = Release|Any CPU
	EndGlobalSection
	GlobalSection(SolutionProperties) = preSolution
		HideSolutionNode = FALSE
	EndGlobalSection
	GlobalSection(ExtensibilityGlobals) = postSolution
		SolutionGuid = {BEB58AC4-D6B7-4A5B-AA81-844D8B93CCBF}
	EndGlobalSection
EndGlobal
